
Microsoft Visual Studio Solution File, Format Version 12.00
# Visual Studio Version 17
VisualStudioVersion = 17.2.32526.322
MinimumVisualStudioVersion = 10.0.40219.1
Project("{FAE04EC0-301F-11D3-BF4B-00C04F79EFBC}") = "ADONETIntro", "ADONETIntro\ADONETIntro.csproj", "{D63F2184-3BDF-4586-AB06-64A108CCDAAB}"
EndProject
Global
	GlobalSection(SolutionConfigurationPlatforms) = preSolution
		Debug|Any CPU = Debug|Any CPU
		Release|Any CPU = Release|Any CPU
	EndGlobalSection
	GlobalSection(ProjectConfigurationPlatforms) = postSolution
		{D63F2184-3BDF-4586-AB06-64A108CCDAAB}.Debug|Any CPU.ActiveCfg = Debug|Any CPU
		{D63F2184-3BDF-4586-AB06-64A108CCDAAB}.Debug|Any CPU.Build.0 = Debug|Any CPU
		{D63F2184-3BDF-4586-AB06-64A108CCDAAB}.Release|Any CPU.ActiveCfg = Release|Any CPU
		{D63F2184-3BDF-4586-AB06-64A108CCDAAB}.Release|Any CPU.Build.0 = Release|Any CPU
	EndGlobalSection
	GlobalSection(SolutionProperties) = preSolution
		HideSolutionNode = FALSE
	EndGlobalSection
	GlobalSection(ExtensibilityGlobals) = postSolution
		SolutionGuid = {6EB78F94-7CD2-40EC-BC3C-795D82402883}
	EndGlobalSection
EndGlobal
