
Microsoft Visual Studio Solution File, Format Version 12.00
# Visual Studio Version 17
VisualStudioVersion = 17.2.32526.322
MinimumVisualStudioVersion = 10.0.40219.1
Project("{FAE04EC0-301F-11D3-BF4B-00C04F79EFBC}") = "DelegateAnonymousMethods", "DelegateAnonymousMethods\DelegateAnonymousMethods.csproj", "{123441D9-3120-44CB-8D12-FE186FEF9AEF}"
EndProject
Global
	GlobalSection(SolutionConfigurationPlatforms) = preSolution
		Debug|Any CPU = Debug|Any CPU
		Release|Any CPU = Release|Any CPU
	EndGlobalSection
	GlobalSection(ProjectConfigurationPlatforms) = postSolution
		{123441D9-3120-44CB-8D12-FE186FEF9AEF}.Debug|Any CPU.ActiveCfg = Debug|Any CPU
		{123441D9-3120-44CB-8D12-FE186FEF9AEF}.Debug|Any CPU.Build.0 = Debug|Any CPU
		{123441D9-3120-44CB-8D12-FE186FEF9AEF}.Release|Any CPU.ActiveCfg = Release|Any CPU
		{123441D9-3120-44CB-8D12-FE186FEF9AEF}.Release|Any CPU.Build.0 = Release|Any CPU
	EndGlobalSection
	GlobalSection(SolutionProperties) = preSolution
		HideSolutionNode = FALSE
	EndGlobalSection
	GlobalSection(ExtensibilityGlobals) = postSolution
		SolutionGuid = {5D51D412-0A06-48DA-A8C6-B2105AE3A77D}
	EndGlobalSection
EndGlobal
