
Microsoft Visual Studio Solution File, Format Version 12.00
# Visual Studio Version 17
VisualStudioVersion = 17.2.32526.322
MinimumVisualStudioVersion = 10.0.40219.1
Project("{FAE04EC0-301F-11D3-BF4B-00C04F79EFBC}") = "ExceptionHandling", "ExceptionHandling\ExceptionHandling.csproj", "{DB102120-A130-457B-8A77-210A7A20900C}"
EndProject
Global
	GlobalSection(SolutionConfigurationPlatforms) = preSolution
		Debug|Any CPU = Debug|Any CPU
		Release|Any CPU = Release|Any CPU
	EndGlobalSection
	GlobalSection(ProjectConfigurationPlatforms) = postSolution
		{DB102120-A130-457B-8A77-210A7A20900C}.Debug|Any CPU.ActiveCfg = Debug|Any CPU
		{DB102120-A130-457B-8A77-210A7A20900C}.Debug|Any CPU.Build.0 = Debug|Any CPU
		{DB102120-A130-457B-8A77-210A7A20900C}.Release|Any CPU.ActiveCfg = Release|Any CPU
		{DB102120-A130-457B-8A77-210A7A20900C}.Release|Any CPU.Build.0 = Release|Any CPU
	EndGlobalSection
	GlobalSection(SolutionProperties) = preSolution
		HideSolutionNode = FALSE
	EndGlobalSection
	GlobalSection(ExtensibilityGlobals) = postSolution
		SolutionGuid = {437186EC-F293-4ED4-8CC5-2A12EB773CAC}
	EndGlobalSection
EndGlobal
