
Microsoft Visual Studio Solution File, Format Version 12.00
# Visual Studio Version 17
VisualStudioVersion = 17.2.32526.322
MinimumVisualStudioVersion = 10.0.40219.1
Project("{FAE04EC0-301F-11D3-BF4B-00C04F79EFBC}") = "RefOutAB104", "RefOutAB104\RefOutAB104.csproj", "{8CB8A2AB-75F6-48DD-AA7A-E6FF0877094F}"
EndProject
Global
	GlobalSection(SolutionConfigurationPlatforms) = preSolution
		Debug|Any CPU = Debug|Any CPU
		Release|Any CPU = Release|Any CPU
	EndGlobalSection
	GlobalSection(ProjectConfigurationPlatforms) = postSolution
		{8CB8A2AB-75F6-48DD-AA7A-E6FF0877094F}.Debug|Any CPU.ActiveCfg = Debug|Any CPU
		{8CB8A2AB-75F6-48DD-AA7A-E6FF0877094F}.Debug|Any CPU.Build.0 = Debug|Any CPU
		{8CB8A2AB-75F6-48DD-AA7A-E6FF0877094F}.Release|Any CPU.ActiveCfg = Release|Any CPU
		{8CB8A2AB-75F6-48DD-AA7A-E6FF0877094F}.Release|Any CPU.Build.0 = Release|Any CPU
	EndGlobalSection
	GlobalSection(SolutionProperties) = preSolution
		HideSolutionNode = FALSE
	EndGlobalSection
	GlobalSection(ExtensibilityGlobals) = postSolution
		SolutionGuid = {49CCD79B-78D4-49DF-B155-30348B8AA79D}
	EndGlobalSection
EndGlobal
