
Microsoft Visual Studio Solution File, Format Version 12.00
# Visual Studio Version 17
VisualStudioVersion = 17.2.32526.322
MinimumVisualStudioVersion = 10.0.40219.1
Project("{FAE04EC0-301F-11D3-BF4B-00C04F79EFBC}") = "InterfaceStatic", "InterfaceStatic\InterfaceStatic.csproj", "{72368B5E-5E58-4098-8943-6181FE3429D6}"
EndProject
Global
	GlobalSection(SolutionConfigurationPlatforms) = preSolution
		Debug|Any CPU = Debug|Any CPU
		Release|Any CPU = Release|Any CPU
	EndGlobalSection
	GlobalSection(ProjectConfigurationPlatforms) = postSolution
		{72368B5E-5E58-4098-8943-6181FE3429D6}.Debug|Any CPU.ActiveCfg = Debug|Any CPU
		{72368B5E-5E58-4098-8943-6181FE3429D6}.Debug|Any CPU.Build.0 = Debug|Any CPU
		{72368B5E-5E58-4098-8943-6181FE3429D6}.Release|Any CPU.ActiveCfg = Release|Any CPU
		{72368B5E-5E58-4098-8943-6181FE3429D6}.Release|Any CPU.Build.0 = Release|Any CPU
	EndGlobalSection
	GlobalSection(SolutionProperties) = preSolution
		HideSolutionNode = FALSE
	EndGlobalSection
	GlobalSection(ExtensibilityGlobals) = postSolution
		SolutionGuid = {DEE80021-390C-4596-A30B-E02EAEC7C109}
	EndGlobalSection
EndGlobal
