
Microsoft Visual Studio Solution File, Format Version 12.00
# Visual Studio Version 17
VisualStudioVersion = 17.2.32526.322
MinimumVisualStudioVersion = 10.0.40219.1
Project("{FAE04EC0-301F-11D3-BF4B-00C04F79EFBC}") = "ClassObjectInheritence", "ClassObjectInheritence\ClassObjectInheritence.csproj", "{95056B66-83B0-4600-AB07-2F099F0F6DBD}"
EndProject
Global
	GlobalSection(SolutionConfigurationPlatforms) = preSolution
		Debug|Any CPU = Debug|Any CPU
		Release|Any CPU = Release|Any CPU
	EndGlobalSection
	GlobalSection(ProjectConfigurationPlatforms) = postSolution
		{95056B66-83B0-4600-AB07-2F099F0F6DBD}.Debug|Any CPU.ActiveCfg = Debug|Any CPU
		{95056B66-83B0-4600-AB07-2F099F0F6DBD}.Debug|Any CPU.Build.0 = Debug|Any CPU
		{95056B66-83B0-4600-AB07-2F099F0F6DBD}.Release|Any CPU.ActiveCfg = Release|Any CPU
		{95056B66-83B0-4600-AB07-2F099F0F6DBD}.Release|Any CPU.Build.0 = Release|Any CPU
	EndGlobalSection
	GlobalSection(SolutionProperties) = preSolution
		HideSolutionNode = FALSE
	EndGlobalSection
	GlobalSection(ExtensibilityGlobals) = postSolution
		SolutionGuid = {5ACD594C-7576-4696-8D15-033FBDBEB893}
	EndGlobalSection
EndGlobal
